// !$*UTF8*$!
{
	archiveVersion = 1;
	classes = {
	};
	objectVersion = 46;
	objects = {

/* Begin PBXBuildFile section */
		C60587C41E8DB11A002B2FB7 /* AppDelegate.swift in Sources */ = {isa = PBXBuildFile; fileRef = C60587C31E8DB11A002B2FB7 /* AppDelegate.swift */; };
		C60587C61E8DB11A002B2FB7 /* ViewController.swift in Sources */ = {isa = PBXBuildFile; fileRef = C60587C51E8DB11A002B2FB7 /* ViewController.swift */; };
		C60587C91E8DB11A002B2FB7 /* Main.storyboard in Resources */ = {isa = PBXBuildFile; fileRef = C60587C71E8DB11A002B2FB7 /* Main.storyboard */; };
		C60587CB1E8DB11A002B2FB7 /* Assets.xcassets in Resources */ = {isa = PBXBuildFile; fileRef = C60587CA1E8DB11A002B2FB7 /* Assets.xcassets */; };
		C60587CE1E8DB11A002B2FB7 /* LaunchScreen.storyboard in Resources */ = {isa = PBXBuildFile; fileRef = C60587CC1E8DB11A002B2FB7 /* LaunchScreen.storyboard */; };
/* End PBXBuildFile section */

/* Begin PBXFileReference section */
		C60587C01E8DB11A002B2FB7 /* TapWar.app */ = {isa = PBXFileReference; explicitFileType = wrapper.application; includeInIndex = 0; path = TapWar.app; sourceTree = BUILT_PRODUCTS_DIR; };
		C60587C31E8DB11A002B2FB7 /* AppDelegate.swift */ = {isa = PBXFileReference; lastKnownFileType = sourcecode.swift; path = AppDelegate.swift; sourceTree = "<group>"; };
		C60587C51E8DB11A002B2FB7 /* ViewController.swift */ = {isa = PBXFileReference; lastKnownFileType = sourcecode.swift; path = ViewController.swift; sourceTree = "<group>"; };
		C60587C81E8DB11A002B2FB7 /* Base */ = {isa = PBXFileReference; lastKnownFileType = file.storyboard; name = Base; path = Base.lproj/Main.storyboard; sourceTree = "<group>"; };
		C60587CA1E8DB11A002B2FB7 /* Assets.xcassets */ = {isa = PBXFileReference; lastKnownFileType = folder.assetcatalog; path = Assets.xcassets; sourceTree = "<group>"; };
		C60587CD1E8DB11A002B2FB7 /* Base */ = {isa = PBXFileReference; lastKnownFileType = file.storyboard; name = Base; path = Base.lproj/LaunchScreen.storyboard; sourceTree = "<group>"; };
		C60587CF1E8DB11A002B2FB7 /* Info.plist */ = {isa = PBXFileReference; lastKnownFileType = text.plist.xml; path = Info.plist; sourceTree = "<group>"; };
/* End PBXFileReference section */

/* Begin PBXFrameworksBuildPhase section */
		C60587BD1E8DB11A002B2FB7 /* Frameworks */ = {
			isa = PBXFrameworksBuildPhase;
			buildActionMask = 2147483647;
			files = (
			);
			runOnlyForDeploymentPostprocessing = 0;
		};
/* End PBXFrameworksBuildPhase section */

/* Begin PBXGroup section */
		C60587B71E8DB11A002B2FB7 = {
			isa = PBXGroup;
			children = (
				C60587C21E8DB11A002B2FB7 /* TapWar */,
				C60587C11E8DB11A002B2FB7 /* Products */,
			);
			sourceTree = "<group>";
		};
		C60587C11E8DB11A002B2FB7 /* Products */ = {
			isa = PBXGroup;
			children = (
				C60587C01E8DB11A002B2FB7 /* TapWar.app */,
			);
			name = Products;
			sourceTree = "<group>";
		};
		C60587C21E8DB11A002B2FB7 /* TapWar */ = {
			isa = PBXGroup;
			children = (
				C60587C31E8DB11A002B2FB7 /* AppDelegate.swift */,
				C60587C51E8DB11A002B2FB7 /* ViewController.swift */,
				C60587C71E8DB11A002B2FB7 /* Main.storyboard */,
				C60587CA1E8DB11A002B2FB7 /* Assets.xcassets */,
				C60587CC1E8DB11A002B2FB7 /* LaunchScreen.storyboard */,
				C60587CF1E8DB11A002B2FB7 /* Info.plist */,
			);
			path = TapWar;
			sourceTree = "<group>";
		};
/* End PBXGroup section */

/* Begin PBXNativeTarget section */
		C60587BF1E8DB11A002B2FB7 /* TapWar */ = {
			isa = PBXNativeTarget;
			buildConfigurationList = C60587D21E8DB11A002B2FB7 /* Build configuration list for PBXNativeTarget "TapWar" */;
			buildPhases = (
				C60587BC1E8DB11A002B2FB7 /* Sources */,
				C60587BD1E8DB11A002B2FB7 /* Frameworks */,
				C60587BE1E8DB11A002B2FB7 /* Resources */,
			);
			buildRules = (
			);
			dependencies = (
			);
			name = TapWar;
			productName = TapWar;
			productReference = C60587C01E8DB11A002B2FB7 /* TapWar.app */;
			productType = "com.apple.product-type.application";
		};
/* End PBXNativeTarget section */

/* Begin PBXProject section */
		C60587B81E8DB11A002B2FB7 /* Project object */ = {
			isa = PBXProject;
			attributes = {
				LastSwiftUpdateCheck = 0830;
				LastUpgradeCheck = 0830;
				ORGANIZATIONNAME = "Dumb Unicorn";
				TargetAttributes = {
					C60587BF1E8DB11A002B2FB7 = {
						CreatedOnToolsVersion = 8.3;
						DevelopmentTeam = 42ESUZ8BZJ;
						ProvisioningStyle = Automatic;
					};
				};
			};
			buildConfigurationList = C60587BB1E8DB11A002B2FB7 /* Build configuration list for PBXProject "TapWar" */;
			compatibilityVersion = "Xcode 3.2";
			developmentRegion = English;
			hasScannedForEncodings = 0;
			knownRegions = (
				en,
				Base,
			);
			mainGroup = C60587B71E8DB11A002B2FB7;
			productRefGroup = C60587C11E8DB11A002B2FB7 /* Products */;
			projectDirPath = "";
			projectRoot = "";
			targets = (
				C60587BF1E8DB11A002B2FB7 /* TapWar */,
			);
		};
/* End PBXProject section */

/* Begin PBXResourcesBuildPhase section */
		C60587BE1E8DB11A002B2FB7 /* Resources */ = {
			isa = PBXResourcesBuildPhase;
			buildActionMask = 2147483647;
			files = (
				C60587CE1E8DB11A002B2FB7 /* LaunchScreen.storyboard in Resources */,
				C60587CB1E8DB11A002B2FB7 /* Assets.xcassets in Resources */,
				C60587C91E8DB11A002B2FB7 /* Main.storyboard in Resources */,
			);
			runOnlyForDeploymentPostprocessing = 0;
		};
/* End PBXResourcesBuildPhase section */

/* Begin PBXSourcesBuildPhase section */
		C60587BC1E8DB11A002B2FB7 /* Sources */ = {
			isa = PBXSourcesBuildPhase;
			buildActionMask = 2147483647;
			files = (
				C60587C61E8DB11A002B2FB7 /* ViewController.swift in Sources */,
				C60587C41E8DB11A002B2FB7 /* AppDelegate.swift in Sources */,
			);
			runOnlyForDeploymentPostprocessing = 0;
		};
/* End PBXSourcesBuildPhase section */

/* Begin PBXVariantGroup section */
		C60587C71E8DB11A002B2FB7 /* Main.storyboard */ = {
			isa = PBXVariantGroup;
			children = (
				C60587C81E8DB11A002B2FB7 /* Base */,
			);
			name = Main.storyboard;
			sourceTree = "<group>";
		};
		C60587CC1E8DB11A002B2FB7 /* LaunchScreen.storyboard */ = {
			isa = PBXVariantGroup;
			children = (
				C60587CD1E8DB11A002B2FB7 /* Base */,
			);
			name = LaunchScreen.storyboard;
			sourceTree = "<group>";
		};
/* End PBXVariantGroup section */

/* Begin XCBuildConfiguration section */
		C60587D01E8DB11A002B2FB7 /* Debug */ = {
			isa = XCBuildConfiguration;
			buildSettings = {
				ALWAYS_SEARCH_USER_PATHS = NO;
				CLANG_ANALYZER_NONNULL = YES;
				CLANG_ANALYZER_NUMBER_OBJECT_CONVERSION = YES_AGGRESSIVE;
				CLANG_CXX_LANGUAGE_STANDARD = "gnu++0x";
				CLANG_CXX_LIBRARY = "libc++";
				CLANG_ENABLE_MODULES = YES;
				CLANG_ENABLE_OBJC_ARC = YES;
				CLANG_WARN_BOOL_CONVERSION = YES;
				CLANG_WARN_CONSTANT_CONVERSION = YES;
				CLANG_WARN_DIRECT_OBJC_ISA_USAGE = YES_ERROR;
				CLANG_WARN_DOCUMENTATION_COMMENTS = YES;
				CLANG_WARN_EMPTY_BODY = YES;
				CLANG_WARN_ENUM_CONVERSION = YES;
				CLANG_WARN_INFINITE_RECURSION = YES;
				CLANG_WARN_INT_CONVERSION = YES;
				CLANG_WARN_OBJC_ROOT_CLASS = YES_ERROR;
				CLANG_WARN_SUSPICIOUS_MOVE = YES;
				CLANG_WARN_UNREACHABLE_CODE = YES;
				CLANG_WARN__DUPLICATE_METHOD_MATCH = YES;
				"CODE_SIGN_IDENTITY[sdk=iphoneos*]" = "iPhone Developer";
				COPY_PHASE_STRIP = NO;
				DEBUG_INFORMATION_FORMAT = dwarf;
				ENABLE_STRICT_OBJC_MSGSEND = YES;
				ENABLE_TESTABILITY = YES;
				GCC_C_LANGUAGE_STANDARD = gnu99;
				GCC_DYNAMIC_NO_PIC = NO;
				GCC_NO_COMMON_BLOCKS = YES;
				GCC_OPTIMIZATION_LEVEL = 0;
				GCC_PREPROCESSOR_DEFINITIONS = (
					"DEBUG=1",
					"$(inherited)",
				);
				GCC_WARN_64_TO_32_BIT_CONVERSION = YES;
				GCC_WARN_ABOUT_RETURN_TYPE = YES_ERROR;
				GCC_WARN_UNDECLARED_SELECTOR = YES;
				GCC_WARN_UNINITIALIZED_AUTOS = YES_AGGRESSIVE;
				GCC_WARN_UNUSED_FUNCTION = YES;
				GCC_WARN_UNUSED_VARIABLE = YES;
				IPHONEOS_DEPLOYMENT_TARGET = 10.3;
				MTL_ENABLE_DEBUG_INFO = YES;
				ONLY_ACTIVE_ARCH = YES;
				SDKROOT = iphoneos;
				SWIFT_ACTIVE_COMPILATION_CONDITIONS = DEBUG;
				SWIFT_OPTIMIZATION_LEVEL = "-Onone";
				TARGETED_DEVICE_FAMILY = "1,2";
			};
			name = Debug;
		};
		C60587D11E8DB11A002B2FB7 /* Release */ = {
			isa = XCBuildConfiguration;
			buildSettings = {
				ALWAYS_SEARCH_USER_PATHS = NO;
				CLANG_ANALYZER_NONNULL = YES;
				CLANG_ANALYZER_NUMBER_OBJECT_CONVERSION = YES_AGGRESSIVE;
				CLANG_CXX_LANGUAGE_STANDARD = "gnu++0x";
				CLANG_CXX_LIBRARY = "libc++";
				CLANG_ENABLE_MODULES = YES;
				CLANG_ENABLE_OBJC_ARC = YES;
				CLANG_WARN_BOOL_CONVERSION = YES;
				CLANG_WARN_CONSTANT_CONVERSION = YES;
				CLANG_WARN_DIRECT_OBJC_ISA_USAGE = YES_ERROR;
				CLANG_WARN_DOCUMENTATION_COMMENTS = YES;
				CLANG_WARN_EMPTY_BODY = YES;
				CLANG_WARN_ENUM_CONVERSION = YES;
				CLANG_WARN_INFINITE_RECURSION = YES;
				CLANG_WARN_INT_CONVERSION = YES;
				CLANG_WARN_OBJC_ROOT_CLASS = YES_ERROR;
				CLANG_WARN_SUSPICIOUS_MOVE = YES;
				CLANG_WARN_UNREACHABLE_CODE = YES;
				CLANG_WARN__DUPLICATE_METHOD_MATCH = YES;
				"CODE_SIGN_IDENTITY[sdk=iphoneos*]" = "iPhone Developer";
				COPY_PHASE_STRIP = NO;
				DEBUG_INFORMATION_FORMAT = "dwarf-with-dsym";
				ENABLE_NS_ASSERTIONS = NO;
				ENABLE_STRICT_OBJC_MSGSEND = YES;
				GCC_C_LANGUAGE_STANDARD = gnu99;
				GCC_NO_COMMON_BLOCKS = YES;
				GCC_WARN_64_TO_32_BIT_CONVERSION = YES;
				GCC_WARN_ABOUT_RETURN_TYPE = YES_ERROR;
				GCC_WARN_UNDECLARED_SELECTOR = YES;
				GCC_WARN_UNINITIALIZED_AUTOS = YES_AGGRESSIVE;
				GCC_WARN_UNUSED_FUNCTION = YES;
				GCC_WARN_UNUSED_VARIABLE = YES;
				IPHONEOS_DEPLOYMENT_TARGET = 10.3;
				MTL_ENABLE_DEBUG_INFO = NO;
				SDKROOT = iphoneos;
				SWIFT_OPTIMIZATION_LEVEL = "-Owholemodule";
				TARGETED_DEVICE_FAMILY = "1,2";
				VALIDATE_PRODUCT = YES;
			};
			name = Release;
		};
		C60587D31E8DB11A002B2FB7 /* Debug */ = {
			isa = XCBuildConfiguration;
			buildSettings = {
				ASSETCATALOG_COMPILER_APPICON_NAME = AppIcon;
				DEVELOPMENT_TEAM = 42ESUZ8BZJ;
				INFOPLIST_FILE = TapWar/Info.plist;
				LD_RUNPATH_SEARCH_PATHS = "$(inherited) @executable_path/Frameworks";
				PRODUCT_BUNDLE_IDENTIFIER = com.DumbUnicorn.TapWar;
				PRODUCT_NAME = "$(TARGET_NAME)";
				SWIFT_VERSION = 3.0;
			};
			name = Debug;
		};
		C60587D41E8DB11A002B2FB7 /* Release */ = {
			isa = XCBuildConfiguration;
			buildSettings = {
				ASSETCATALOG_COMPILER_APPICON_NAME = AppIcon;
				DEVELOPMENT_TEAM = 42ESUZ8BZJ;
				INFOPLIST_FILE = TapWar/Info.plist;
				LD_RUNPATH_SEARCH_PATHS = "$(inherited) @executable_path/Frameworks";
				PRODUCT_BUNDLE_IDENTIFIER = com.DumbUnicorn.TapWar;
				PRODUCT_NAME = "$(TARGET_NAME)";
				SWIFT_VERSION = 3.0;
			};
			name = Release;
		};
/* End XCBuildConfiguration section */

/* Begin XCConfigurationList section */
		C60587BB1E8DB11A002B2FB7 /* Build configuration list for PBXProject "TapWar" */ = {
			isa = XCConfigurationList;
			buildConfigurations = (
				C60587D01E8DB11A002B2FB7 /* Debug */,
				C60587D11E8DB11A002B2FB7 /* Release */,
			);
			defaultConfigurationIsVisible = 0;
			defaultConfigurationName = Release;
		};
		C60587D21E8DB11A002B2FB7 /* Build configuration list for PBXNativeTarget "TapWar" */ = {
			isa = XCConfigurationList;
			buildConfigurations = (
				C60587D31E8DB11A002B2FB7 /* Debug */,
				C60587D41E8DB11A002B2FB7 /* Release */,
			);
			defaultConfigurationIsVisible = 0;
		};
/* End XCConfigurationList section */
	};
	rootObject = C60587B81E8DB11A002B2FB7 /* Project object */;
}
